
Microsoft Visual Studio Solution File, Format Version 12.00
# Visual Studio Version 16
VisualStudioVersion = 16.0.30204.135
MinimumVisualStudioVersion = 10.0.40219.1
Project("{9A19103F-16F7-4668-BE54-9A1E7A4F7556}") = "Battleship", "Battleship\Battleship.csproj", "{7698AA61-4104-4AEB-9F9E-482BC1F0CC22}"
EndProject
Project("{9A19103F-16F7-4668-BE54-9A1E7A4F7556}") = "Battleship.Tests", "Battleship.Tests\Battleship.Tests.csproj", "{D2AD8A9D-37F2-4235-8E03-F076EA5480BD}"
EndProject
Global
	GlobalSection(SolutionConfigurationPlatforms) = preSolution
		Debug|Any CPU = Debug|Any CPU
		Release|Any CPU = Release|Any CPU
	EndGlobalSection
	GlobalSection(ProjectConfigurationPlatforms) = postSolution
		{7698AA61-4104-4AEB-9F9E-482BC1F0CC22}.Debug|Any CPU.ActiveCfg = Debug|Any CPU
		{7698AA61-4104-4AEB-9F9E-482BC1F0CC22}.Debug|Any CPU.Build.0 = Debug|Any CPU
		{7698AA61-4104-4AEB-9F9E-482BC1F0CC22}.Release|Any CPU.ActiveCfg = Release|Any CPU
		{7698AA61-4104-4AEB-9F9E-482BC1F0CC22}.Release|Any CPU.Build.0 = Release|Any CPU
		{D2AD8A9D-37F2-4235-8E03-F076EA5480BD}.Debug|Any CPU.ActiveCfg = Debug|Any CPU
		{D2AD8A9D-37F2-4235-8E03-F076EA5480BD}.Debug|Any CPU.Build.0 = Debug|Any CPU
		{D2AD8A9D-37F2-4235-8E03-F076EA5480BD}.Release|Any CPU.ActiveCfg = Release|Any CPU
		{D2AD8A9D-37F2-4235-8E03-F076EA5480BD}.Release|Any CPU.Build.0 = Release|Any CPU
	EndGlobalSection
	GlobalSection(SolutionProperties) = preSolution
		HideSolutionNode = FALSE
	EndGlobalSection
	GlobalSection(ExtensibilityGlobals) = postSolution
		SolutionGuid = {DE0ED052-EEC4-4D33-877F-E5AAB49116EF}
	EndGlobalSection
EndGlobal
